
Microsoft Visual Studio Solution File, Format Version 12.00
# Visual Studio Version 17
VisualStudioVersion = 17.13.35919.96 d17.13
MinimumVisualStudioVersion = 10.0.40219.1
Project("{8BC9CEB8-8B4A-11D0-8D11-00A0C91BC942}") = "Testiros", "Testiros.vcxproj", "{2E1542E8-972C-42AC-9CCA-FF971AC5880E}"
EndProject
Project("{8BC9CEB8-8B4A-11D0-8D11-00A0C91BC942}") = "Testirov", "..\Testirov\Testirov.vcxproj", "{FAE6BFCA-47CB-34AB-E8BE-A419E86AED1C}"
EndProject
Global
	GlobalSection(SolutionConfigurationPlatforms) = preSolution
		Debug|x64 = Debug|x64
		Debug|x86 = Debug|x86
		Release|x64 = Release|x64
		Release|x86 = Release|x86
	EndGlobalSection
	GlobalSection(ProjectConfigurationPlatforms) = postSolution
		{2E1542E8-972C-42AC-9CCA-FF971AC5880E}.Debug|x64.ActiveCfg = Debug|x64
		{2E1542E8-972C-42AC-9CCA-FF971AC5880E}.Debug|x64.Build.0 = Debug|x64
		{2E1542E8-972C-42AC-9CCA-FF971AC5880E}.Debug|x86.ActiveCfg = Debug|Win32
		{2E1542E8-972C-42AC-9CCA-FF971AC5880E}.Debug|x86.Build.0 = Debug|Win32
		{2E1542E8-972C-42AC-9CCA-FF971AC5880E}.Release|x64.ActiveCfg = Release|x64
		{2E1542E8-972C-42AC-9CCA-FF971AC5880E}.Release|x64.Build.0 = Release|x64
		{2E1542E8-972C-42AC-9CCA-FF971AC5880E}.Release|x86.ActiveCfg = Release|Win32
		{2E1542E8-972C-42AC-9CCA-FF971AC5880E}.Release|x86.Build.0 = Release|Win32
		{FAE6BFCA-47CB-34AB-E8BE-A419E86AED1C}.Debug|x64.ActiveCfg = Debug|x64
		{FAE6BFCA-47CB-34AB-E8BE-A419E86AED1C}.Debug|x64.Build.0 = Debug|x64
		{FAE6BFCA-47CB-34AB-E8BE-A419E86AED1C}.Debug|x86.ActiveCfg = Debug|Win32
		{FAE6BFCA-47CB-34AB-E8BE-A419E86AED1C}.Debug|x86.Build.0 = Debug|Win32
		{FAE6BFCA-47CB-34AB-E8BE-A419E86AED1C}.Release|x64.ActiveCfg = Release|x64
		{FAE6BFCA-47CB-34AB-E8BE-A419E86AED1C}.Release|x64.Build.0 = Release|x64
		{FAE6BFCA-47CB-34AB-E8BE-A419E86AED1C}.Release|x86.ActiveCfg = Release|Win32
		{FAE6BFCA-47CB-34AB-E8BE-A419E86AED1C}.Release|x86.Build.0 = Release|Win32
	EndGlobalSection
	GlobalSection(SolutionProperties) = preSolution
		HideSolutionNode = FALSE
	EndGlobalSection
	GlobalSection(ExtensibilityGlobals) = postSolution
		SolutionGuid = {EA46EDE1-0019-4FF1-BBFB-3B3BBAF62278}
	EndGlobalSection
EndGlobal
